
Microsoft Visual Studio Solution File, Format Version 12.00
# Visual Studio Version 17
VisualStudioVersion = 17.9.34701.34
MinimumVisualStudioVersion = 10.0.40219.1
Project("{FAE04EC0-301F-11D3-BF4B-00C04F79EFBC}") = "ClipboardManager", "ClipboardManager\ClipboardManager.csproj", "{CBC02DE6-2154-4AD1-B9E1-C785B239D760}"
EndProject
Global
	GlobalSection(SolutionConfigurationPlatforms) = preSolution
		Debug|x64 = Debug|x64
		Release|x64 = Release|x64
	EndGlobalSection
	GlobalSection(ProjectConfigurationPlatforms) = postSolution
		{CBC02DE6-2154-4AD1-B9E1-C785B239D760}.Debug|x64.ActiveCfg = Debug|x64
		{CBC02DE6-2154-4AD1-B9E1-C785B239D760}.Debug|x64.Build.0 = Debug|x64
		{CBC02DE6-2154-4AD1-B9E1-C785B239D760}.Release|x64.ActiveCfg = Release|x64
		{CBC02DE6-2154-4AD1-B9E1-C785B239D760}.Release|x64.Build.0 = Release|x64
	EndGlobalSection
	GlobalSection(SolutionProperties) = preSolution
		HideSolutionNode = FALSE
	EndGlobalSection
	GlobalSection(ExtensibilityGlobals) = postSolution
		SolutionGuid = {B701F7F6-1E5E-4E16-9CC7-771B2EDB3EAF}
	EndGlobalSection
EndGlobal
